
Microsoft Visual Studio Solution File, Format Version 12.00
# Visual Studio 15
VisualStudioVersion = 15.0.28307.168
MinimumVisualStudioVersion = 10.0.40219.1
Project("{FAE04EC0-301F-11D3-BF4B-00C04F79EFBC}") = "TheMovieDB", "TheMovieDB\TheMovieDB\TheMovieDB.csproj", "{E540F931-5539-4C36-9B51-D061DB71CCBB}"
EndProject
Project("{FAE04EC0-301F-11D3-BF4B-00C04F79EFBC}") = "TheMovieDB.Android", "TheMovieDB\TheMovieDB.Android\TheMovieDB.Android.csproj", "{93D97A9B-7213-4E33-9C5E-1C35A194592C}"
EndProject
Project("{FAE04EC0-301F-11D3-BF4B-00C04F79EFBC}") = "TheMovieDB.iOS", "TheMovieDB\TheMovieDB.iOS\TheMovieDB.iOS.csproj", "{DE3557D9-1BE6-4056-9DCF-AF244F473C0E}"
EndProject
Project("{FAE04EC0-301F-11D3-BF4B-00C04F79EFBC}") = "TheMovieDB.UWP", "TheMovieDB\TheMovieDB.UWP\TheMovieDB.UWP.csproj", "{2CEF0223-4CD5-4C52-92EC-205BFA732BCC}"
EndProject
Project("{2150E333-8FDC-42A3-9474-1A3956D46DE8}") = "Standard", "Standard", "{60C2818D-1FD3-4613-8A13-128709B70A2A}"
EndProject
Project("{2150E333-8FDC-42A3-9474-1A3956D46DE8}") = "Presentation", "Presentation", "{18B00966-8F6F-4575-9688-0701DAD0FB2B}"
EndProject
Project("{2150E333-8FDC-42A3-9474-1A3956D46DE8}") = "Domain", "Domain", "{6C8BE30E-3484-46EA-8B6B-14DF80CCF204}"
EndProject
Project("{FAE04EC0-301F-11D3-BF4B-00C04F79EFBC}") = "Standard.Domain", "Standard.Domain\Standard.Domain.csproj", "{D941A379-72B3-47E9-9A33-C047FF93353D}"
EndProject
Project("{FAE04EC0-301F-11D3-BF4B-00C04F79EFBC}") = "Standard.Repositories", "Standard.Repositories\Standard.Repositories.csproj", "{682C36F8-B44B-4EDE-8808-4E4639B7AD5E}"
EndProject
Project("{2150E333-8FDC-42A3-9474-1A3956D46DE8}") = "Infrastructure", "Infrastructure", "{80C8A7A1-0655-4A66-919E-DEED5045BE6F}"
EndProject
Project("{FAE04EC0-301F-11D3-BF4B-00C04F79EFBC}") = "Standard.Infrastructure", "Standard.Infrastructure\Standard.Infrastructure.csproj", "{F787EBEB-2592-4537-85D6-99043524F06D}"
EndProject
Global
	GlobalSection(SolutionConfigurationPlatforms) = preSolution
		Ad-Hoc|Any CPU = Ad-Hoc|Any CPU
		Ad-Hoc|ARM = Ad-Hoc|ARM
		Ad-Hoc|iPhone = Ad-Hoc|iPhone
		Ad-Hoc|iPhoneSimulator = Ad-Hoc|iPhoneSimulator
		Ad-Hoc|x64 = Ad-Hoc|x64
		Ad-Hoc|x86 = Ad-Hoc|x86
		AppStore|Any CPU = AppStore|Any CPU
		AppStore|ARM = AppStore|ARM
		AppStore|iPhone = AppStore|iPhone
		AppStore|iPhoneSimulator = AppStore|iPhoneSimulator
		AppStore|x64 = AppStore|x64
		AppStore|x86 = AppStore|x86
		Debug|Any CPU = Debug|Any CPU
		Debug|ARM = Debug|ARM
		Debug|iPhone = Debug|iPhone
		Debug|iPhoneSimulator = Debug|iPhoneSimulator
		Debug|x64 = Debug|x64
		Debug|x86 = Debug|x86
		Release|Any CPU = Release|Any CPU
		Release|ARM = Release|ARM
		Release|iPhone = Release|iPhone
		Release|iPhoneSimulator = Release|iPhoneSimulator
		Release|x64 = Release|x64
		Release|x86 = Release|x86
	EndGlobalSection
	GlobalSection(ProjectConfigurationPlatforms) = postSolution
		{E540F931-5539-4C36-9B51-D061DB71CCBB}.Ad-Hoc|Any CPU.ActiveCfg = Debug|Any CPU
		{E540F931-5539-4C36-9B51-D061DB71CCBB}.Ad-Hoc|Any CPU.Build.0 = Debug|Any CPU
		{E540F931-5539-4C36-9B51-D061DB71CCBB}.Ad-Hoc|ARM.ActiveCfg = Debug|Any CPU
		{E540F931-5539-4C36-9B51-D061DB71CCBB}.Ad-Hoc|ARM.Build.0 = Debug|Any CPU
		{E540F931-5539-4C36-9B51-D061DB71CCBB}.Ad-Hoc|iPhone.ActiveCfg = Debug|Any CPU
		{E540F931-5539-4C36-9B51-D061DB71CCBB}.Ad-Hoc|iPhone.Build.0 = Debug|Any CPU
		{E540F931-5539-4C36-9B51-D061DB71CCBB}.Ad-Hoc|iPhoneSimulator.ActiveCfg = Debug|Any CPU
		{E540F931-5539-4C36-9B51-D061DB71CCBB}.Ad-Hoc|iPhoneSimulator.Build.0 = Debug|Any CPU
		{E540F931-5539-4C36-9B51-D061DB71CCBB}.Ad-Hoc|x64.ActiveCfg = Debug|Any CPU
		{E540F931-5539-4C36-9B51-D061DB71CCBB}.Ad-Hoc|x64.Build.0 = Debug|Any CPU
		{E540F931-5539-4C36-9B51-D061DB71CCBB}.Ad-Hoc|x86.ActiveCfg = Debug|Any CPU
		{E540F931-5539-4C36-9B51-D061DB71CCBB}.Ad-Hoc|x86.Build.0 = Debug|Any CPU
		{E540F931-5539-4C36-9B51-D061DB71CCBB}.AppStore|Any CPU.ActiveCfg = Debug|Any CPU
		{E540F931-5539-4C36-9B51-D061DB71CCBB}.AppStore|Any CPU.Build.0 = Debug|Any CPU
		{E540F931-5539-4C36-9B51-D061DB71CCBB}.AppStore|ARM.ActiveCfg = Debug|Any CPU
		{E540F931-5539-4C36-9B51-D061DB71CCBB}.AppStore|ARM.Build.0 = Debug|Any CPU
		{E540F931-5539-4C36-9B51-D061DB71CCBB}.AppStore|iPhone.ActiveCfg = Debug|Any CPU
		{E540F931-5539-4C36-9B51-D061DB71CCBB}.AppStore|iPhone.Build.0 = Debug|Any CPU
		{E540F931-5539-4C36-9B51-D061DB71CCBB}.AppStore|iPhoneSimulator.ActiveCfg = Debug|Any CPU
		{E540F931-5539-4C36-9B51-D061DB71CCBB}.AppStore|iPhoneSimulator.Build.0 = Debug|Any CPU
		{E540F931-5539-4C36-9B51-D061DB71CCBB}.AppStore|x64.ActiveCfg = Debug|Any CPU
		{E540F931-5539-4C36-9B51-D061DB71CCBB}.AppStore|x64.Build.0 = Debug|Any CPU
		{E540F931-5539-4C36-9B51-D061DB71CCBB}.AppStore|x86.ActiveCfg = Debug|Any CPU
		{E540F931-5539-4C36-9B51-D061DB71CCBB}.AppStore|x86.Build.0 = Debug|Any CPU
		{E540F931-5539-4C36-9B51-D061DB71CCBB}.Debug|Any CPU.ActiveCfg = Debug|Any CPU
		{E540F931-5539-4C36-9B51-D061DB71CCBB}.Debug|Any CPU.Build.0 = Debug|Any CPU
		{E540F931-5539-4C36-9B51-D061DB71CCBB}.Debug|ARM.ActiveCfg = Debug|Any CPU
		{E540F931-5539-4C36-9B51-D061DB71CCBB}.Debug|ARM.Build.0 = Debug|Any CPU
		{E540F931-5539-4C36-9B51-D061DB71CCBB}.Debug|iPhone.ActiveCfg = Debug|Any CPU
		{E540F931-5539-4C36-9B51-D061DB71CCBB}.Debug|iPhone.Build.0 = Debug|Any CPU
		{E540F931-5539-4C36-9B51-D061DB71CCBB}.Debug|iPhoneSimulator.ActiveCfg = Debug|Any CPU
		{E540F931-5539-4C36-9B51-D061DB71CCBB}.Debug|iPhoneSimulator.Build.0 = Debug|Any CPU
		{E540F931-5539-4C36-9B51-D061DB71CCBB}.Debug|x64.ActiveCfg = Debug|Any CPU
		{E540F931-5539-4C36-9B51-D061DB71CCBB}.Debug|x64.Build.0 = Debug|Any CPU
		{E540F931-5539-4C36-9B51-D061DB71CCBB}.Debug|x86.ActiveCfg = Debug|Any CPU
		{E540F931-5539-4C36-9B51-D061DB71CCBB}.Debug|x86.Build.0 = Debug|Any CPU
		{E540F931-5539-4C36-9B51-D061DB71CCBB}.Release|Any CPU.ActiveCfg = Release|Any CPU
		{E540F931-5539-4C36-9B51-D061DB71CCBB}.Release|Any CPU.Build.0 = Release|Any CPU
		{E540F931-5539-4C36-9B51-D061DB71CCBB}.Release|ARM.ActiveCfg = Release|Any CPU
		{E540F931-5539-4C36-9B51-D061DB71CCBB}.Release|ARM.Build.0 = Release|Any CPU
		{E540F931-5539-4C36-9B51-D061DB71CCBB}.Release|iPhone.ActiveCfg = Release|Any CPU
		{E540F931-5539-4C36-9B51-D061DB71CCBB}.Release|iPhone.Build.0 = Release|Any CPU
		{E540F931-5539-4C36-9B51-D061DB71CCBB}.Release|iPhoneSimulator.ActiveCfg = Release|Any CPU
		{E540F931-5539-4C36-9B51-D061DB71CCBB}.Release|iPhoneSimulator.Build.0 = Release|Any CPU
		{E540F931-5539-4C36-9B51-D061DB71CCBB}.Release|x64.ActiveCfg = Release|Any CPU
		{E540F931-5539-4C36-9B51-D061DB71CCBB}.Release|x64.Build.0 = Release|Any CPU
		{E540F931-5539-4C36-9B51-D061DB71CCBB}.Release|x86.ActiveCfg = Release|Any CPU
		{E540F931-5539-4C36-9B51-D061DB71CCBB}.Release|x86.Build.0 = Release|Any CPU
		{93D97A9B-7213-4E33-9C5E-1C35A194592C}.Ad-Hoc|Any CPU.ActiveCfg = Release|Any CPU
		{93D97A9B-7213-4E33-9C5E-1C35A194592C}.Ad-Hoc|Any CPU.Build.0 = Release|Any CPU
		{93D97A9B-7213-4E33-9C5E-1C35A194592C}.Ad-Hoc|Any CPU.Deploy.0 = Release|Any CPU
		{93D97A9B-7213-4E33-9C5E-1C35A194592C}.Ad-Hoc|ARM.ActiveCfg = Release|Any CPU
		{93D97A9B-7213-4E33-9C5E-1C35A194592C}.Ad-Hoc|ARM.Build.0 = Release|Any CPU
		{93D97A9B-7213-4E33-9C5E-1C35A194592C}.Ad-Hoc|ARM.Deploy.0 = Release|Any CPU
		{93D97A9B-7213-4E33-9C5E-1C35A194592C}.Ad-Hoc|iPhone.ActiveCfg = Release|Any CPU
		{93D97A9B-7213-4E33-9C5E-1C35A194592C}.Ad-Hoc|iPhone.Build.0 = Release|Any CPU
		{93D97A9B-7213-4E33-9C5E-1C35A194592C}.Ad-Hoc|iPhone.Deploy.0 = Release|Any CPU
		{93D97A9B-7213-4E33-9C5E-1C35A194592C}.Ad-Hoc|iPhoneSimulator.ActiveCfg = Release|Any CPU
		{93D97A9B-7213-4E33-9C5E-1C35A194592C}.Ad-Hoc|iPhoneSimulator.Build.0 = Release|Any CPU
		{93D97A9B-7213-4E33-9C5E-1C35A194592C}.Ad-Hoc|iPhoneSimulator.Deploy.0 = Release|Any CPU
		{93D97A9B-7213-4E33-9C5E-1C35A194592C}.Ad-Hoc|x64.ActiveCfg = Release|Any CPU
		{93D97A9B-7213-4E33-9C5E-1C35A194592C}.Ad-Hoc|x64.Build.0 = Release|Any CPU
		{93D97A9B-7213-4E33-9C5E-1C35A194592C}.Ad-Hoc|x64.Deploy.0 = Release|Any CPU
		{93D97A9B-7213-4E33-9C5E-1C35A194592C}.Ad-Hoc|x86.ActiveCfg = Release|Any CPU
		{93D97A9B-7213-4E33-9C5E-1C35A194592C}.Ad-Hoc|x86.Build.0 = Release|Any CPU
		{93D97A9B-7213-4E33-9C5E-1C35A194592C}.Ad-Hoc|x86.Deploy.0 = Release|Any CPU
		{93D97A9B-7213-4E33-9C5E-1C35A194592C}.AppStore|Any CPU.ActiveCfg = Release|Any CPU
		{93D97A9B-7213-4E33-9C5E-1C35A194592C}.AppStore|Any CPU.Build.0 = Release|Any CPU
		{93D97A9B-7213-4E33-9C5E-1C35A194592C}.AppStore|Any CPU.Deploy.0 = Release|Any CPU
		{93D97A9B-7213-4E33-9C5E-1C35A194592C}.AppStore|ARM.ActiveCfg = Release|Any CPU
		{93D97A9B-7213-4E33-9C5E-1C35A194592C}.AppStore|ARM.Build.0 = Release|Any CPU
		{93D97A9B-7213-4E33-9C5E-1C35A194592C}.AppStore|ARM.Deploy.0 = Release|Any CPU
		{93D97A9B-7213-4E33-9C5E-1C35A194592C}.AppStore|iPhone.ActiveCfg = Release|Any CPU
		{93D97A9B-7213-4E33-9C5E-1C35A194592C}.AppStore|iPhone.Build.0 = Release|Any CPU
		{93D97A9B-7213-4E33-9C5E-1C35A194592C}.AppStore|iPhone.Deploy.0 = Release|Any CPU
		{93D97A9B-7213-4E33-9C5E-1C35A194592C}.AppStore|iPhoneSimulator.ActiveCfg = Release|Any CPU
		{93D97A9B-7213-4E33-9C5E-1C35A194592C}.AppStore|iPhoneSimulator.Build.0 = Release|Any CPU
		{93D97A9B-7213-4E33-9C5E-1C35A194592C}.AppStore|iPhoneSimulator.Deploy.0 = Release|Any CPU
		{93D97A9B-7213-4E33-9C5E-1C35A194592C}.AppStore|x64.ActiveCfg = Release|Any CPU
		{93D97A9B-7213-4E33-9C5E-1C35A194592C}.AppStore|x64.Build.0 = Release|Any CPU
		{93D97A9B-7213-4E33-9C5E-1C35A194592C}.AppStore|x64.Deploy.0 = Release|Any CPU
		{93D97A9B-7213-4E33-9C5E-1C35A194592C}.AppStore|x86.ActiveCfg = Release|Any CPU
		{93D97A9B-7213-4E33-9C5E-1C35A194592C}.AppStore|x86.Build.0 = Release|Any CPU
		{93D97A9B-7213-4E33-9C5E-1C35A194592C}.AppStore|x86.Deploy.0 = Release|Any CPU
		{93D97A9B-7213-4E33-9C5E-1C35A194592C}.Debug|Any CPU.ActiveCfg = Debug|Any CPU
		{93D97A9B-7213-4E33-9C5E-1C35A194592C}.Debug|Any CPU.Build.0 = Debug|Any CPU
		{93D97A9B-7213-4E33-9C5E-1C35A194592C}.Debug|Any CPU.Deploy.0 = Debug|Any CPU
		{93D97A9B-7213-4E33-9C5E-1C35A194592C}.Debug|ARM.ActiveCfg = Debug|Any CPU
		{93D97A9B-7213-4E33-9C5E-1C35A194592C}.Debug|ARM.Build.0 = Debug|Any CPU
		{93D97A9B-7213-4E33-9C5E-1C35A194592C}.Debug|ARM.Deploy.0 = Debug|Any CPU
		{93D97A9B-7213-4E33-9C5E-1C35A194592C}.Debug|iPhone.ActiveCfg = Debug|Any CPU
		{93D97A9B-7213-4E33-9C5E-1C35A194592C}.Debug|iPhone.Build.0 = Debug|Any CPU
		{93D97A9B-7213-4E33-9C5E-1C35A194592C}.Debug|iPhone.Deploy.0 = Debug|Any CPU
		{93D97A9B-7213-4E33-9C5E-1C35A194592C}.Debug|iPhoneSimulator.ActiveCfg = Debug|Any CPU
		{93D97A9B-7213-4E33-9C5E-1C35A194592C}.Debug|iPhoneSimulator.Build.0 = Debug|Any CPU
		{93D97A9B-7213-4E33-9C5E-1C35A194592C}.Debug|iPhoneSimulator.Deploy.0 = Debug|Any CPU
		{93D97A9B-7213-4E33-9C5E-1C35A194592C}.Debug|x64.ActiveCfg = Debug|Any CPU
		{93D97A9B-7213-4E33-9C5E-1C35A194592C}.Debug|x64.Build.0 = Debug|Any CPU
		{93D97A9B-7213-4E33-9C5E-1C35A194592C}.Debug|x64.Deploy.0 = Debug|Any CPU
		{93D97A9B-7213-4E33-9C5E-1C35A194592C}.Debug|x86.ActiveCfg = Debug|Any CPU
		{93D97A9B-7213-4E33-9C5E-1C35A194592C}.Debug|x86.Build.0 = Debug|Any CPU
		{93D97A9B-7213-4E33-9C5E-1C35A194592C}.Debug|x86.Deploy.0 = Debug|Any CPU
		{93D97A9B-7213-4E33-9C5E-1C35A194592C}.Release|Any CPU.ActiveCfg = Release|Any CPU
		{93D97A9B-7213-4E33-9C5E-1C35A194592C}.Release|Any CPU.Build.0 = Release|Any CPU
		{93D97A9B-7213-4E33-9C5E-1C35A194592C}.Release|Any CPU.Deploy.0 = Release|Any CPU
		{93D97A9B-7213-4E33-9C5E-1C35A194592C}.Release|ARM.ActiveCfg = Release|Any CPU
		{93D97A9B-7213-4E33-9C5E-1C35A194592C}.Release|ARM.Build.0 = Release|Any CPU
		{93D97A9B-7213-4E33-9C5E-1C35A194592C}.Release|ARM.Deploy.0 = Release|Any CPU
		{93D97A9B-7213-4E33-9C5E-1C35A194592C}.Release|iPhone.ActiveCfg = Release|Any CPU
		{93D97A9B-7213-4E33-9C5E-1C35A194592C}.Release|iPhone.Build.0 = Release|Any CPU
		{93D97A9B-7213-4E33-9C5E-1C35A194592C}.Release|iPhone.Deploy.0 = Release|Any CPU
		{93D97A9B-7213-4E33-9C5E-1C35A194592C}.Release|iPhoneSimulator.ActiveCfg = Release|Any CPU
		{93D97A9B-7213-4E33-9C5E-1C35A194592C}.Release|iPhoneSimulator.Build.0 = Release|Any CPU
		{93D97A9B-7213-4E33-9C5E-1C35A194592C}.Release|iPhoneSimulator.Deploy.0 = Release|Any CPU
		{93D97A9B-7213-4E33-9C5E-1C35A194592C}.Release|x64.ActiveCfg = Release|Any CPU
		{93D97A9B-7213-4E33-9C5E-1C35A194592C}.Release|x64.Build.0 = Release|Any CPU
		{93D97A9B-7213-4E33-9C5E-1C35A194592C}.Release|x64.Deploy.0 = Release|Any CPU
		{93D97A9B-7213-4E33-9C5E-1C35A194592C}.Release|x86.ActiveCfg = Release|Any CPU
		{93D97A9B-7213-4E33-9C5E-1C35A194592C}.Release|x86.Build.0 = Release|Any CPU
		{93D97A9B-7213-4E33-9C5E-1C35A194592C}.Release|x86.Deploy.0 = Release|Any CPU
		{DE3557D9-1BE6-4056-9DCF-AF244F473C0E}.Ad-Hoc|Any CPU.ActiveCfg = Ad-Hoc|iPhone
		{DE3557D9-1BE6-4056-9DCF-AF244F473C0E}.Ad-Hoc|ARM.ActiveCfg = Ad-Hoc|iPhone
		{DE3557D9-1BE6-4056-9DCF-AF244F473C0E}.Ad-Hoc|iPhone.ActiveCfg = Ad-Hoc|iPhone
		{DE3557D9-1BE6-4056-9DCF-AF244F473C0E}.Ad-Hoc|iPhone.Build.0 = Ad-Hoc|iPhone
		{DE3557D9-1BE6-4056-9DCF-AF244F473C0E}.Ad-Hoc|iPhoneSimulator.ActiveCfg = Ad-Hoc|iPhoneSimulator
		{DE3557D9-1BE6-4056-9DCF-AF244F473C0E}.Ad-Hoc|iPhoneSimulator.Build.0 = Ad-Hoc|iPhoneSimulator
		{DE3557D9-1BE6-4056-9DCF-AF244F473C0E}.Ad-Hoc|x64.ActiveCfg = Ad-Hoc|iPhone
		{DE3557D9-1BE6-4056-9DCF-AF244F473C0E}.Ad-Hoc|x86.ActiveCfg = Ad-Hoc|iPhone
		{DE3557D9-1BE6-4056-9DCF-AF244F473C0E}.AppStore|Any CPU.ActiveCfg = AppStore|iPhone
		{DE3557D9-1BE6-4056-9DCF-AF244F473C0E}.AppStore|ARM.ActiveCfg = AppStore|iPhone
		{DE3557D9-1BE6-4056-9DCF-AF244F473C0E}.AppStore|iPhone.ActiveCfg = AppStore|iPhone
		{DE3557D9-1BE6-4056-9DCF-AF244F473C0E}.AppStore|iPhone.Build.0 = AppStore|iPhone
		{DE3557D9-1BE6-4056-9DCF-AF244F473C0E}.AppStore|iPhoneSimulator.ActiveCfg = AppStore|iPhoneSimulator
		{DE3557D9-1BE6-4056-9DCF-AF244F473C0E}.AppStore|iPhoneSimulator.Build.0 = AppStore|iPhoneSimulator
		{DE3557D9-1BE6-4056-9DCF-AF244F473C0E}.AppStore|x64.ActiveCfg = AppStore|iPhone
		{DE3557D9-1BE6-4056-9DCF-AF244F473C0E}.AppStore|x86.ActiveCfg = AppStore|iPhone
		{DE3557D9-1BE6-4056-9DCF-AF244F473C0E}.Debug|Any CPU.ActiveCfg = Debug|iPhone
		{DE3557D9-1BE6-4056-9DCF-AF244F473C0E}.Debug|ARM.ActiveCfg = Debug|iPhone
		{DE3557D9-1BE6-4056-9DCF-AF244F473C0E}.Debug|iPhone.ActiveCfg = Debug|iPhone
		{DE3557D9-1BE6-4056-9DCF-AF244F473C0E}.Debug|iPhone.Build.0 = Debug|iPhone
		{DE3557D9-1BE6-4056-9DCF-AF244F473C0E}.Debug|iPhoneSimulator.ActiveCfg = Debug|iPhoneSimulator
		{DE3557D9-1BE6-4056-9DCF-AF244F473C0E}.Debug|iPhoneSimulator.Build.0 = Debug|iPhoneSimulator
		{DE3557D9-1BE6-4056-9DCF-AF244F473C0E}.Debug|x64.ActiveCfg = Debug|iPhone
		{DE3557D9-1BE6-4056-9DCF-AF244F473C0E}.Debug|x86.ActiveCfg = Debug|iPhone
		{DE3557D9-1BE6-4056-9DCF-AF244F473C0E}.Release|Any CPU.ActiveCfg = Release|iPhone
		{DE3557D9-1BE6-4056-9DCF-AF244F473C0E}.Release|ARM.ActiveCfg = Release|iPhone
		{DE3557D9-1BE6-4056-9DCF-AF244F473C0E}.Release|iPhone.ActiveCfg = Release|iPhone
		{DE3557D9-1BE6-4056-9DCF-AF244F473C0E}.Release|iPhone.Build.0 = Release|iPhone
		{DE3557D9-1BE6-4056-9DCF-AF244F473C0E}.Release|iPhoneSimulator.ActiveCfg = Release|iPhoneSimulator
		{DE3557D9-1BE6-4056-9DCF-AF244F473C0E}.Release|iPhoneSimulator.Build.0 = Release|iPhoneSimulator
		{DE3557D9-1BE6-4056-9DCF-AF244F473C0E}.Release|x64.ActiveCfg = Release|iPhone
		{DE3557D9-1BE6-4056-9DCF-AF244F473C0E}.Release|x86.ActiveCfg = Release|iPhone
		{2CEF0223-4CD5-4C52-92EC-205BFA732BCC}.Ad-Hoc|Any CPU.ActiveCfg = Release|x86
		{2CEF0223-4CD5-4C52-92EC-205BFA732BCC}.Ad-Hoc|Any CPU.Build.0 = Release|x86
		{2CEF0223-4CD5-4C52-92EC-205BFA732BCC}.Ad-Hoc|Any CPU.Deploy.0 = Release|x86
		{2CEF0223-4CD5-4C52-92EC-205BFA732BCC}.Ad-Hoc|ARM.ActiveCfg = Release|ARM
		{2CEF0223-4CD5-4C52-92EC-205BFA732BCC}.Ad-Hoc|ARM.Build.0 = Release|ARM
		{2CEF0223-4CD5-4C52-92EC-205BFA732BCC}.Ad-Hoc|ARM.Deploy.0 = Release|ARM
		{2CEF0223-4CD5-4C52-92EC-205BFA732BCC}.Ad-Hoc|iPhone.ActiveCfg = Release|x86
		{2CEF0223-4CD5-4C52-92EC-205BFA732BCC}.Ad-Hoc|iPhone.Build.0 = Release|x86
		{2CEF0223-4CD5-4C52-92EC-205BFA732BCC}.Ad-Hoc|iPhone.Deploy.0 = Release|x86
		{2CEF0223-4CD5-4C52-92EC-205BFA732BCC}.Ad-Hoc|iPhoneSimulator.ActiveCfg = Release|x86
		{2CEF0223-4CD5-4C52-92EC-205BFA732BCC}.Ad-Hoc|iPhoneSimulator.Build.0 = Release|x86
		{2CEF0223-4CD5-4C52-92EC-205BFA732BCC}.Ad-Hoc|iPhoneSimulator.Deploy.0 = Release|x86
		{2CEF0223-4CD5-4C52-92EC-205BFA732BCC}.Ad-Hoc|x64.ActiveCfg = Release|x64
		{2CEF0223-4CD5-4C52-92EC-205BFA732BCC}.Ad-Hoc|x64.Build.0 = Release|x64
		{2CEF0223-4CD5-4C52-92EC-205BFA732BCC}.Ad-Hoc|x64.Deploy.0 = Release|x64
		{2CEF0223-4CD5-4C52-92EC-205BFA732BCC}.Ad-Hoc|x86.ActiveCfg = Release|x86
		{2CEF0223-4CD5-4C52-92EC-205BFA732BCC}.Ad-Hoc|x86.Build.0 = Release|x86
		{2CEF0223-4CD5-4C52-92EC-205BFA732BCC}.Ad-Hoc|x86.Deploy.0 = Release|x86
		{2CEF0223-4CD5-4C52-92EC-205BFA732BCC}.AppStore|Any CPU.ActiveCfg = Release|x86
		{2CEF0223-4CD5-4C52-92EC-205BFA732BCC}.AppStore|Any CPU.Build.0 = Release|x86
		{2CEF0223-4CD5-4C52-92EC-205BFA732BCC}.AppStore|Any CPU.Deploy.0 = Release|x86
		{2CEF0223-4CD5-4C52-92EC-205BFA732BCC}.AppStore|ARM.ActiveCfg = Release|ARM
		{2CEF0223-4CD5-4C52-92EC-205BFA732BCC}.AppStore|ARM.Build.0 = Release|ARM
		{2CEF0223-4CD5-4C52-92EC-205BFA732BCC}.AppStore|ARM.Deploy.0 = Release|ARM
		{2CEF0223-4CD5-4C52-92EC-205BFA732BCC}.AppStore|iPhone.ActiveCfg = Release|x86
		{2CEF0223-4CD5-4C52-92EC-205BFA732BCC}.AppStore|iPhone.Build.0 = Release|x86
		{2CEF0223-4CD5-4C52-92EC-205BFA732BCC}.AppStore|iPhone.Deploy.0 = Release|x86
		{2CEF0223-4CD5-4C52-92EC-205BFA732BCC}.AppStore|iPhoneSimulator.ActiveCfg = Release|x86
		{2CEF0223-4CD5-4C52-92EC-205BFA732BCC}.AppStore|iPhoneSimulator.Build.0 = Release|x86
		{2CEF0223-4CD5-4C52-92EC-205BFA732BCC}.AppStore|iPhoneSimulator.Deploy.0 = Release|x86
		{2CEF0223-4CD5-4C52-92EC-205BFA732BCC}.AppStore|x64.ActiveCfg = Release|x64
		{2CEF0223-4CD5-4C52-92EC-205BFA732BCC}.AppStore|x64.Build.0 = Release|x64
		{2CEF0223-4CD5-4C52-92EC-205BFA732BCC}.AppStore|x64.Deploy.0 = Release|x64
		{2CEF0223-4CD5-4C52-92EC-205BFA732BCC}.AppStore|x86.ActiveCfg = Release|x86
		{2CEF0223-4CD5-4C52-92EC-205BFA732BCC}.AppStore|x86.Build.0 = Release|x86
		{2CEF0223-4CD5-4C52-92EC-205BFA732BCC}.AppStore|x86.Deploy.0 = Release|x86
		{2CEF0223-4CD5-4C52-92EC-205BFA732BCC}.Debug|Any CPU.ActiveCfg = Debug|x86
		{2CEF0223-4CD5-4C52-92EC-205BFA732BCC}.Debug|ARM.ActiveCfg = Debug|ARM
		{2CEF0223-4CD5-4C52-92EC-205BFA732BCC}.Debug|ARM.Build.0 = Debug|ARM
		{2CEF0223-4CD5-4C52-92EC-205BFA732BCC}.Debug|ARM.Deploy.0 = Debug|ARM
		{2CEF0223-4CD5-4C52-92EC-205BFA732BCC}.Debug|iPhone.ActiveCfg = Debug|x86
		{2CEF0223-4CD5-4C52-92EC-205BFA732BCC}.Debug|iPhoneSimulator.ActiveCfg = Debug|x86
		{2CEF0223-4CD5-4C52-92EC-205BFA732BCC}.Debug|x64.ActiveCfg = Debug|x64
		{2CEF0223-4CD5-4C52-92EC-205BFA732BCC}.Debug|x64.Build.0 = Debug|x64
		{2CEF0223-4CD5-4C52-92EC-205BFA732BCC}.Debug|x64.Deploy.0 = Debug|x64
		{2CEF0223-4CD5-4C52-92EC-205BFA732BCC}.Debug|x86.ActiveCfg = Debug|x86
		{2CEF0223-4CD5-4C52-92EC-205BFA732BCC}.Debug|x86.Build.0 = Debug|x86
		{2CEF0223-4CD5-4C52-92EC-205BFA732BCC}.Debug|x86.Deploy.0 = Debug|x86
		{2CEF0223-4CD5-4C52-92EC-205BFA732BCC}.Release|Any CPU.ActiveCfg = Release|x86
		{2CEF0223-4CD5-4C52-92EC-205BFA732BCC}.Release|ARM.ActiveCfg = Release|ARM
		{2CEF0223-4CD5-4C52-92EC-205BFA732BCC}.Release|ARM.Build.0 = Release|ARM
		{2CEF0223-4CD5-4C52-92EC-205BFA732BCC}.Release|ARM.Deploy.0 = Release|ARM
		{2CEF0223-4CD5-4C52-92EC-205BFA732BCC}.Release|iPhone.ActiveCfg = Release|x86
		{2CEF0223-4CD5-4C52-92EC-205BFA732BCC}.Release|iPhoneSimulator.ActiveCfg = Release|x86
		{2CEF0223-4CD5-4C52-92EC-205BFA732BCC}.Release|x64.ActiveCfg = Release|x64
		{2CEF0223-4CD5-4C52-92EC-205BFA732BCC}.Release|x64.Build.0 = Release|x64
		{2CEF0223-4CD5-4C52-92EC-205BFA732BCC}.Release|x64.Deploy.0 = Release|x64
		{2CEF0223-4CD5-4C52-92EC-205BFA732BCC}.Release|x86.ActiveCfg = Release|x86
		{2CEF0223-4CD5-4C52-92EC-205BFA732BCC}.Release|x86.Build.0 = Release|x86
		{2CEF0223-4CD5-4C52-92EC-205BFA732BCC}.Release|x86.Deploy.0 = Release|x86
		{D941A379-72B3-47E9-9A33-C047FF93353D}.Ad-Hoc|Any CPU.ActiveCfg = Debug|Any CPU
		{D941A379-72B3-47E9-9A33-C047FF93353D}.Ad-Hoc|Any CPU.Build.0 = Debug|Any CPU
		{D941A379-72B3-47E9-9A33-C047FF93353D}.Ad-Hoc|ARM.ActiveCfg = Debug|Any CPU
		{D941A379-72B3-47E9-9A33-C047FF93353D}.Ad-Hoc|ARM.Build.0 = Debug|Any CPU
		{D941A379-72B3-47E9-9A33-C047FF93353D}.Ad-Hoc|iPhone.ActiveCfg = Debug|Any CPU
		{D941A379-72B3-47E9-9A33-C047FF93353D}.Ad-Hoc|iPhone.Build.0 = Debug|Any CPU
		{D941A379-72B3-47E9-9A33-C047FF93353D}.Ad-Hoc|iPhoneSimulator.ActiveCfg = Debug|Any CPU
		{D941A379-72B3-47E9-9A33-C047FF93353D}.Ad-Hoc|iPhoneSimulator.Build.0 = Debug|Any CPU
		{D941A379-72B3-47E9-9A33-C047FF93353D}.Ad-Hoc|x64.ActiveCfg = Debug|Any CPU
		{D941A379-72B3-47E9-9A33-C047FF93353D}.Ad-Hoc|x64.Build.0 = Debug|Any CPU
		{D941A379-72B3-47E9-9A33-C047FF93353D}.Ad-Hoc|x86.ActiveCfg = Debug|Any CPU
		{D941A379-72B3-47E9-9A33-C047FF93353D}.Ad-Hoc|x86.Build.0 = Debug|Any CPU
		{D941A379-72B3-47E9-9A33-C047FF93353D}.AppStore|Any CPU.ActiveCfg = Debug|Any CPU
		{D941A379-72B3-47E9-9A33-C047FF93353D}.AppStore|Any CPU.Build.0 = Debug|Any CPU
		{D941A379-72B3-47E9-9A33-C047FF93353D}.AppStore|ARM.ActiveCfg = Debug|Any CPU
		{D941A379-72B3-47E9-9A33-C047FF93353D}.AppStore|ARM.Build.0 = Debug|Any CPU
		{D941A379-72B3-47E9-9A33-C047FF93353D}.AppStore|iPhone.ActiveCfg = Debug|Any CPU
		{D941A379-72B3-47E9-9A33-C047FF93353D}.AppStore|iPhone.Build.0 = Debug|Any CPU
		{D941A379-72B3-47E9-9A33-C047FF93353D}.AppStore|iPhoneSimulator.ActiveCfg = Debug|Any CPU
		{D941A379-72B3-47E9-9A33-C047FF93353D}.AppStore|iPhoneSimulator.Build.0 = Debug|Any CPU
		{D941A379-72B3-47E9-9A33-C047FF93353D}.AppStore|x64.ActiveCfg = Debug|Any CPU
		{D941A379-72B3-47E9-9A33-C047FF93353D}.AppStore|x64.Build.0 = Debug|Any CPU
		{D941A379-72B3-47E9-9A33-C047FF93353D}.AppStore|x86.ActiveCfg = Debug|Any CPU
		{D941A379-72B3-47E9-9A33-C047FF93353D}.AppStore|x86.Build.0 = Debug|Any CPU
		{D941A379-72B3-47E9-9A33-C047FF93353D}.Debug|Any CPU.ActiveCfg = Debug|Any CPU
		{D941A379-72B3-47E9-9A33-C047FF93353D}.Debug|Any CPU.Build.0 = Debug|Any CPU
		{D941A379-72B3-47E9-9A33-C047FF93353D}.Debug|ARM.ActiveCfg = Debug|Any CPU
		{D941A379-72B3-47E9-9A33-C047FF93353D}.Debug|ARM.Build.0 = Debug|Any CPU
		{D941A379-72B3-47E9-9A33-C047FF93353D}.Debug|iPhone.ActiveCfg = Debug|Any CPU
		{D941A379-72B3-47E9-9A33-C047FF93353D}.Debug|iPhone.Build.0 = Debug|Any CPU
		{D941A379-72B3-47E9-9A33-C047FF93353D}.Debug|iPhoneSimulator.ActiveCfg = Debug|Any CPU
		{D941A379-72B3-47E9-9A33-C047FF93353D}.Debug|iPhoneSimulator.Build.0 = Debug|Any CPU
		{D941A379-72B3-47E9-9A33-C047FF93353D}.Debug|x64.ActiveCfg = Debug|Any CPU
		{D941A379-72B3-47E9-9A33-C047FF93353D}.Debug|x64.Build.0 = Debug|Any CPU
		{D941A379-72B3-47E9-9A33-C047FF93353D}.Debug|x86.ActiveCfg = Debug|Any CPU
		{D941A379-72B3-47E9-9A33-C047FF93353D}.Debug|x86.Build.0 = Debug|Any CPU
		{D941A379-72B3-47E9-9A33-C047FF93353D}.Release|Any CPU.ActiveCfg = Release|Any CPU
		{D941A379-72B3-47E9-9A33-C047FF93353D}.Release|Any CPU.Build.0 = Release|Any CPU
		{D941A379-72B3-47E9-9A33-C047FF93353D}.Release|ARM.ActiveCfg = Release|Any CPU
		{D941A379-72B3-47E9-9A33-C047FF93353D}.Release|ARM.Build.0 = Release|Any CPU
		{D941A379-72B3-47E9-9A33-C047FF93353D}.Release|iPhone.ActiveCfg = Release|Any CPU
		{D941A379-72B3-47E9-9A33-C047FF93353D}.Release|iPhone.Build.0 = Release|Any CPU
		{D941A379-72B3-47E9-9A33-C047FF93353D}.Release|iPhoneSimulator.ActiveCfg = Release|Any CPU
		{D941A379-72B3-47E9-9A33-C047FF93353D}.Release|iPhoneSimulator.Build.0 = Release|Any CPU
		{D941A379-72B3-47E9-9A33-C047FF93353D}.Release|x64.ActiveCfg = Release|Any CPU
		{D941A379-72B3-47E9-9A33-C047FF93353D}.Release|x64.Build.0 = Release|Any CPU
		{D941A379-72B3-47E9-9A33-C047FF93353D}.Release|x86.ActiveCfg = Release|Any CPU
		{D941A379-72B3-47E9-9A33-C047FF93353D}.Release|x86.Build.0 = Release|Any CPU
		{682C36F8-B44B-4EDE-8808-4E4639B7AD5E}.Ad-Hoc|Any CPU.ActiveCfg = Debug|Any CPU
		{682C36F8-B44B-4EDE-8808-4E4639B7AD5E}.Ad-Hoc|Any CPU.Build.0 = Debug|Any CPU
		{682C36F8-B44B-4EDE-8808-4E4639B7AD5E}.Ad-Hoc|ARM.ActiveCfg = Debug|Any CPU
		{682C36F8-B44B-4EDE-8808-4E4639B7AD5E}.Ad-Hoc|ARM.Build.0 = Debug|Any CPU
		{682C36F8-B44B-4EDE-8808-4E4639B7AD5E}.Ad-Hoc|iPhone.ActiveCfg = Debug|Any CPU
		{682C36F8-B44B-4EDE-8808-4E4639B7AD5E}.Ad-Hoc|iPhone.Build.0 = Debug|Any CPU
		{682C36F8-B44B-4EDE-8808-4E4639B7AD5E}.Ad-Hoc|iPhoneSimulator.ActiveCfg = Debug|Any CPU
		{682C36F8-B44B-4EDE-8808-4E4639B7AD5E}.Ad-Hoc|iPhoneSimulator.Build.0 = Debug|Any CPU
		{682C36F8-B44B-4EDE-8808-4E4639B7AD5E}.Ad-Hoc|x64.ActiveCfg = Debug|Any CPU
		{682C36F8-B44B-4EDE-8808-4E4639B7AD5E}.Ad-Hoc|x64.Build.0 = Debug|Any CPU
		{682C36F8-B44B-4EDE-8808-4E4639B7AD5E}.Ad-Hoc|x86.ActiveCfg = Debug|Any CPU
		{682C36F8-B44B-4EDE-8808-4E4639B7AD5E}.Ad-Hoc|x86.Build.0 = Debug|Any CPU
		{682C36F8-B44B-4EDE-8808-4E4639B7AD5E}.AppStore|Any CPU.ActiveCfg = Debug|Any CPU
		{682C36F8-B44B-4EDE-8808-4E4639B7AD5E}.AppStore|Any CPU.Build.0 = Debug|Any CPU
		{682C36F8-B44B-4EDE-8808-4E4639B7AD5E}.AppStore|ARM.ActiveCfg = Debug|Any CPU
		{682C36F8-B44B-4EDE-8808-4E4639B7AD5E}.AppStore|ARM.Build.0 = Debug|Any CPU
		{682C36F8-B44B-4EDE-8808-4E4639B7AD5E}.AppStore|iPhone.ActiveCfg = Debug|Any CPU
		{682C36F8-B44B-4EDE-8808-4E4639B7AD5E}.AppStore|iPhone.Build.0 = Debug|Any CPU
		{682C36F8-B44B-4EDE-8808-4E4639B7AD5E}.AppStore|iPhoneSimulator.ActiveCfg = Debug|Any CPU
		{682C36F8-B44B-4EDE-8808-4E4639B7AD5E}.AppStore|iPhoneSimulator.Build.0 = Debug|Any CPU
		{682C36F8-B44B-4EDE-8808-4E4639B7AD5E}.AppStore|x64.ActiveCfg = Debug|Any CPU
		{682C36F8-B44B-4EDE-8808-4E4639B7AD5E}.AppStore|x64.Build.0 = Debug|Any CPU
		{682C36F8-B44B-4EDE-8808-4E4639B7AD5E}.AppStore|x86.ActiveCfg = Debug|Any CPU
		{682C36F8-B44B-4EDE-8808-4E4639B7AD5E}.AppStore|x86.Build.0 = Debug|Any CPU
		{682C36F8-B44B-4EDE-8808-4E4639B7AD5E}.Debug|Any CPU.ActiveCfg = Debug|Any CPU
		{682C36F8-B44B-4EDE-8808-4E4639B7AD5E}.Debug|Any CPU.Build.0 = Debug|Any CPU
		{682C36F8-B44B-4EDE-8808-4E4639B7AD5E}.Debug|ARM.ActiveCfg = Debug|Any CPU
		{682C36F8-B44B-4EDE-8808-4E4639B7AD5E}.Debug|ARM.Build.0 = Debug|Any CPU
		{682C36F8-B44B-4EDE-8808-4E4639B7AD5E}.Debug|iPhone.ActiveCfg = Debug|Any CPU
		{682C36F8-B44B-4EDE-8808-4E4639B7AD5E}.Debug|iPhone.Build.0 = Debug|Any CPU
		{682C36F8-B44B-4EDE-8808-4E4639B7AD5E}.Debug|iPhoneSimulator.ActiveCfg = Debug|Any CPU
		{682C36F8-B44B-4EDE-8808-4E4639B7AD5E}.Debug|iPhoneSimulator.Build.0 = Debug|Any CPU
		{682C36F8-B44B-4EDE-8808-4E4639B7AD5E}.Debug|x64.ActiveCfg = Debug|Any CPU
		{682C36F8-B44B-4EDE-8808-4E4639B7AD5E}.Debug|x64.Build.0 = Debug|Any CPU
		{682C36F8-B44B-4EDE-8808-4E4639B7AD5E}.Debug|x86.ActiveCfg = Debug|Any CPU
		{682C36F8-B44B-4EDE-8808-4E4639B7AD5E}.Debug|x86.Build.0 = Debug|Any CPU
		{682C36F8-B44B-4EDE-8808-4E4639B7AD5E}.Release|Any CPU.ActiveCfg = Release|Any CPU
		{682C36F8-B44B-4EDE-8808-4E4639B7AD5E}.Release|Any CPU.Build.0 = Release|Any CPU
		{682C36F8-B44B-4EDE-8808-4E4639B7AD5E}.Release|ARM.ActiveCfg = Release|Any CPU
		{682C36F8-B44B-4EDE-8808-4E4639B7AD5E}.Release|ARM.Build.0 = Release|Any CPU
		{682C36F8-B44B-4EDE-8808-4E4639B7AD5E}.Release|iPhone.ActiveCfg = Release|Any CPU
		{682C36F8-B44B-4EDE-8808-4E4639B7AD5E}.Release|iPhone.Build.0 = Release|Any CPU
		{682C36F8-B44B-4EDE-8808-4E4639B7AD5E}.Release|iPhoneSimulator.ActiveCfg = Release|Any CPU
		{682C36F8-B44B-4EDE-8808-4E4639B7AD5E}.Release|iPhoneSimulator.Build.0 = Release|Any CPU
		{682C36F8-B44B-4EDE-8808-4E4639B7AD5E}.Release|x64.ActiveCfg = Release|Any CPU
		{682C36F8-B44B-4EDE-8808-4E4639B7AD5E}.Release|x64.Build.0 = Release|Any CPU
		{682C36F8-B44B-4EDE-8808-4E4639B7AD5E}.Release|x86.ActiveCfg = Release|Any CPU
		{682C36F8-B44B-4EDE-8808-4E4639B7AD5E}.Release|x86.Build.0 = Release|Any CPU
		{F787EBEB-2592-4537-85D6-99043524F06D}.Ad-Hoc|Any CPU.ActiveCfg = Debug|Any CPU
		{F787EBEB-2592-4537-85D6-99043524F06D}.Ad-Hoc|Any CPU.Build.0 = Debug|Any CPU
		{F787EBEB-2592-4537-85D6-99043524F06D}.Ad-Hoc|ARM.ActiveCfg = Debug|Any CPU
		{F787EBEB-2592-4537-85D6-99043524F06D}.Ad-Hoc|ARM.Build.0 = Debug|Any CPU
		{F787EBEB-2592-4537-85D6-99043524F06D}.Ad-Hoc|iPhone.ActiveCfg = Debug|Any CPU
		{F787EBEB-2592-4537-85D6-99043524F06D}.Ad-Hoc|iPhone.Build.0 = Debug|Any CPU
		{F787EBEB-2592-4537-85D6-99043524F06D}.Ad-Hoc|iPhoneSimulator.ActiveCfg = Debug|Any CPU
		{F787EBEB-2592-4537-85D6-99043524F06D}.Ad-Hoc|iPhoneSimulator.Build.0 = Debug|Any CPU
		{F787EBEB-2592-4537-85D6-99043524F06D}.Ad-Hoc|x64.ActiveCfg = Debug|Any CPU
		{F787EBEB-2592-4537-85D6-99043524F06D}.Ad-Hoc|x64.Build.0 = Debug|Any CPU
		{F787EBEB-2592-4537-85D6-99043524F06D}.Ad-Hoc|x86.ActiveCfg = Debug|Any CPU
		{F787EBEB-2592-4537-85D6-99043524F06D}.Ad-Hoc|x86.Build.0 = Debug|Any CPU
		{F787EBEB-2592-4537-85D6-99043524F06D}.AppStore|Any CPU.ActiveCfg = Debug|Any CPU
		{F787EBEB-2592-4537-85D6-99043524F06D}.AppStore|Any CPU.Build.0 = Debug|Any CPU
		{F787EBEB-2592-4537-85D6-99043524F06D}.AppStore|ARM.ActiveCfg = Debug|Any CPU
		{F787EBEB-2592-4537-85D6-99043524F06D}.AppStore|ARM.Build.0 = Debug|Any CPU
		{F787EBEB-2592-4537-85D6-99043524F06D}.AppStore|iPhone.ActiveCfg = Debug|Any CPU
		{F787EBEB-2592-4537-85D6-99043524F06D}.AppStore|iPhone.Build.0 = Debug|Any CPU
		{F787EBEB-2592-4537-85D6-99043524F06D}.AppStore|iPhoneSimulator.ActiveCfg = Debug|Any CPU
		{F787EBEB-2592-4537-85D6-99043524F06D}.AppStore|iPhoneSimulator.Build.0 = Debug|Any CPU
		{F787EBEB-2592-4537-85D6-99043524F06D}.AppStore|x64.ActiveCfg = Debug|Any CPU
		{F787EBEB-2592-4537-85D6-99043524F06D}.AppStore|x64.Build.0 = Debug|Any CPU
		{F787EBEB-2592-4537-85D6-99043524F06D}.AppStore|x86.ActiveCfg = Debug|Any CPU
		{F787EBEB-2592-4537-85D6-99043524F06D}.AppStore|x86.Build.0 = Debug|Any CPU
		{F787EBEB-2592-4537-85D6-99043524F06D}.Debug|Any CPU.ActiveCfg = Debug|Any CPU
		{F787EBEB-2592-4537-85D6-99043524F06D}.Debug|Any CPU.Build.0 = Debug|Any CPU
		{F787EBEB-2592-4537-85D6-99043524F06D}.Debug|ARM.ActiveCfg = Debug|Any CPU
		{F787EBEB-2592-4537-85D6-99043524F06D}.Debug|ARM.Build.0 = Debug|Any CPU
		{F787EBEB-2592-4537-85D6-99043524F06D}.Debug|iPhone.ActiveCfg = Debug|Any CPU
		{F787EBEB-2592-4537-85D6-99043524F06D}.Debug|iPhone.Build.0 = Debug|Any CPU
		{F787EBEB-2592-4537-85D6-99043524F06D}.Debug|iPhoneSimulator.ActiveCfg = Debug|Any CPU
		{F787EBEB-2592-4537-85D6-99043524F06D}.Debug|iPhoneSimulator.Build.0 = Debug|Any CPU
		{F787EBEB-2592-4537-85D6-99043524F06D}.Debug|x64.ActiveCfg = Debug|Any CPU
		{F787EBEB-2592-4537-85D6-99043524F06D}.Debug|x64.Build.0 = Debug|Any CPU
		{F787EBEB-2592-4537-85D6-99043524F06D}.Debug|x86.ActiveCfg = Debug|Any CPU
		{F787EBEB-2592-4537-85D6-99043524F06D}.Debug|x86.Build.0 = Debug|Any CPU
		{F787EBEB-2592-4537-85D6-99043524F06D}.Release|Any CPU.ActiveCfg = Release|Any CPU
		{F787EBEB-2592-4537-85D6-99043524F06D}.Release|Any CPU.Build.0 = Release|Any CPU
		{F787EBEB-2592-4537-85D6-99043524F06D}.Release|ARM.ActiveCfg = Release|Any CPU
		{F787EBEB-2592-4537-85D6-99043524F06D}.Release|ARM.Build.0 = Release|Any CPU
		{F787EBEB-2592-4537-85D6-99043524F06D}.Release|iPhone.ActiveCfg = Release|Any CPU
		{F787EBEB-2592-4537-85D6-99043524F06D}.Release|iPhone.Build.0 = Release|Any CPU
		{F787EBEB-2592-4537-85D6-99043524F06D}.Release|iPhoneSimulator.ActiveCfg = Release|Any CPU
		{F787EBEB-2592-4537-85D6-99043524F06D}.Release|iPhoneSimulator.Build.0 = Release|Any CPU
		{F787EBEB-2592-4537-85D6-99043524F06D}.Release|x64.ActiveCfg = Release|Any CPU
		{F787EBEB-2592-4537-85D6-99043524F06D}.Release|x64.Build.0 = Release|Any CPU
		{F787EBEB-2592-4537-85D6-99043524F06D}.Release|x86.ActiveCfg = Release|Any CPU
		{F787EBEB-2592-4537-85D6-99043524F06D}.Release|x86.Build.0 = Release|Any CPU
	EndGlobalSection
	GlobalSection(SolutionProperties) = preSolution
		HideSolutionNode = FALSE
	EndGlobalSection
	GlobalSection(NestedProjects) = preSolution
		{E540F931-5539-4C36-9B51-D061DB71CCBB} = {18B00966-8F6F-4575-9688-0701DAD0FB2B}
		{93D97A9B-7213-4E33-9C5E-1C35A194592C} = {18B00966-8F6F-4575-9688-0701DAD0FB2B}
		{DE3557D9-1BE6-4056-9DCF-AF244F473C0E} = {18B00966-8F6F-4575-9688-0701DAD0FB2B}
		{2CEF0223-4CD5-4C52-92EC-205BFA732BCC} = {18B00966-8F6F-4575-9688-0701DAD0FB2B}
		{6C8BE30E-3484-46EA-8B6B-14DF80CCF204} = {60C2818D-1FD3-4613-8A13-128709B70A2A}
		{D941A379-72B3-47E9-9A33-C047FF93353D} = {6C8BE30E-3484-46EA-8B6B-14DF80CCF204}
		{682C36F8-B44B-4EDE-8808-4E4639B7AD5E} = {6C8BE30E-3484-46EA-8B6B-14DF80CCF204}
		{80C8A7A1-0655-4A66-919E-DEED5045BE6F} = {60C2818D-1FD3-4613-8A13-128709B70A2A}
		{F787EBEB-2592-4537-85D6-99043524F06D} = {80C8A7A1-0655-4A66-919E-DEED5045BE6F}
	EndGlobalSection
	GlobalSection(ExtensibilityGlobals) = postSolution
		SolutionGuid = {D9538F26-51CC-4978-8D3D-5206C10304D7}
	EndGlobalSection
EndGlobal
